{
	"name": "next-mdx-docs",
	"version": "0.0.1-2",
	"lockfileVersion": 1,
	"requires": true,
	"dependencies": {
		"@mdx-js/loader": {
			"version": "0.15.5",
			"resolved": "https://registry.npmjs.org/@mdx-js/loader/-/loader-0.15.5.tgz",
			"integrity": "sha512-1JpgRqBSzumY+Tt7TZjOP7VwLd/HFdNfkeUM+CAtUUEKrGyecg69O960j35q1RYegp30idkb2ZD383YELAxi/A==",
			"requires": {
				"@mdx-js/mdx": "^0.15.5",
				"@mdx-js/tag": "^0.15.0",
				"loader-utils": "^1.1.0"
			}
		},
		"@mdx-js/mdx": {
			"version": "0.15.5",
			"resolved": "https://registry.npmjs.org/@mdx-js/mdx/-/mdx-0.15.5.tgz",
			"integrity": "sha512-BZQztjePZNLLbtqTdI8ApzUl1I6blY94vCswT/TYvH305Uw86t+p1mzP2R8RNe7SWT3icLkfiwRAIDM9Zp52xw==",
			"requires": {
				"change-case": "^3.0.2",
				"mdast-util-to-hast": "^3.0.0",
				"remark-parse": "^5.0.0",
				"remark-squeeze-paragraphs": "^3.0.1",
				"to-style": "^1.3.3",
				"unified": "^6.1.6",
				"unist-util-visit": "^1.3.0"
			}
		},
		"@mdx-js/tag": {
			"version": "0.15.0",
			"resolved": "https://registry.npmjs.org/@mdx-js/tag/-/tag-0.15.0.tgz",
			"integrity": "sha512-W5HVjced5SMJDoV56aVkZjIfTRM/R1RBpdcDdHMdoza0rSU6lorj7xM5VJtD1AMYRRFuDUu2idkuAJaNosO4Gw==",
			"requires": {
				"create-react-context": "^0.2.2",
				"hoist-non-react-statics": "^2.5.5",
				"prop-types": "^15.6.1"
			}
		},
		"asap": {
			"version": "2.0.6",
			"resolved": "https://registry.npmjs.org/asap/-/asap-2.0.6.tgz",
			"integrity": "sha1-5QNHYR1+aQlDIIu9r+vLwvuGbUY="
		},
		"bail": {
			"version": "1.0.3",
			"resolved": "https://registry.npmjs.org/bail/-/bail-1.0.3.tgz",
			"integrity": "sha512-1X8CnjFVQ+a+KW36uBNMTU5s8+v5FzeqrP7hTG5aTb4aPreSbZJlhwPon9VKMuEVgV++JM+SQrALY3kr7eswdg=="
		},
		"big.js": {
			"version": "3.2.0",
			"resolved": "https://registry.npmjs.org/big.js/-/big.js-3.2.0.tgz",
			"integrity": "sha512-+hN/Zh2D08Mx65pZ/4g5bsmNiZUuChDiQfTUQ7qJr4/kuopCr88xZsAXv6mBoZEsUI4OuGHlX59qE94K2mMW8Q=="
		},
		"camel-case": {
			"version": "3.0.0",
			"resolved": "https://registry.npmjs.org/camel-case/-/camel-case-3.0.0.tgz",
			"integrity": "sha1-yjw2iKTpzzpM2nd9xNy8cTJJz3M=",
			"requires": {
				"no-case": "^2.2.0",
				"upper-case": "^1.1.1"
			}
		},
		"change-case": {
			"version": "3.0.2",
			"resolved": "https://registry.npmjs.org/change-case/-/change-case-3.0.2.tgz",
			"integrity": "sha512-Mww+SLF6MZ0U6kdg11algyKd5BARbyM4TbFBepwowYSR5ClfQGCGtxNXgykpN0uF/bstWeaGDT4JWaDh8zWAHA==",
			"requires": {
				"camel-case": "^3.0.0",
				"constant-case": "^2.0.0",
				"dot-case": "^2.1.0",
				"header-case": "^1.0.0",
				"is-lower-case": "^1.1.0",
				"is-upper-case": "^1.1.0",
				"lower-case": "^1.1.1",
				"lower-case-first": "^1.0.0",
				"no-case": "^2.3.2",
				"param-case": "^2.1.0",
				"pascal-case": "^2.0.0",
				"path-case": "^2.1.0",
				"sentence-case": "^2.1.0",
				"snake-case": "^2.1.0",
				"swap-case": "^1.1.0",
				"title-case": "^2.1.0",
				"upper-case": "^1.1.1",
				"upper-case-first": "^1.1.0"
			}
		},
		"character-entities": {
			"version": "1.2.2",
			"resolved": "https://registry.npmjs.org/character-entities/-/character-entities-1.2.2.tgz",
			"integrity": "sha512-sMoHX6/nBiy3KKfC78dnEalnpn0Az0oSNvqUWYTtYrhRI5iUIYsROU48G+E+kMFQzqXaJ8kHJZ85n7y6/PHgwQ=="
		},
		"character-entities-legacy": {
			"version": "1.1.2",
			"resolved": "https://registry.npmjs.org/character-entities-legacy/-/character-entities-legacy-1.1.2.tgz",
			"integrity": "sha512-9NB2VbXtXYWdXzqrvAHykE/f0QJxzaKIpZ5QzNZrrgQ7Iyxr2vnfS8fCBNVW9nUEZE0lo57nxKRqnzY/dKrwlA=="
		},
		"character-reference-invalid": {
			"version": "1.1.2",
			"resolved": "https://registry.npmjs.org/character-reference-invalid/-/character-reference-invalid-1.1.2.tgz",
			"integrity": "sha512-7I/xceXfKyUJmSAn/jw8ve/9DyOP7XxufNYLI9Px7CmsKgEUaZLUTax6nZxGQtaoiZCjpu6cHPj20xC/vqRReQ=="
		},
		"collapse-white-space": {
			"version": "1.0.4",
			"resolved": "https://registry.npmjs.org/collapse-white-space/-/collapse-white-space-1.0.4.tgz",
			"integrity": "sha512-YfQ1tAUZm561vpYD+5eyWN8+UsceQbSrqqlc/6zDY2gtAE+uZLSdkkovhnGpmCThsvKBFakq4EdY/FF93E8XIw=="
		},
		"constant-case": {
			"version": "2.0.0",
			"resolved": "https://registry.npmjs.org/constant-case/-/constant-case-2.0.0.tgz",
			"integrity": "sha1-QXV2TTidP6nI7NKRhu1gBSQ7akY=",
			"requires": {
				"snake-case": "^2.1.0",
				"upper-case": "^1.1.1"
			}
		},
		"core-js": {
			"version": "1.2.7",
			"resolved": "https://registry.npmjs.org/core-js/-/core-js-1.2.7.tgz",
			"integrity": "sha1-ZSKUwUZR2yj6k70tX/KYOk8IxjY="
		},
		"create-react-context": {
			"version": "0.2.3",
			"resolved": "https://registry.npmjs.org/create-react-context/-/create-react-context-0.2.3.tgz",
			"integrity": "sha512-CQBmD0+QGgTaxDL3OX1IDXYqjkp2It4RIbcb99jS6AEg27Ga+a9G3JtK6SIu0HBwPLZlmwt9F7UwWA4Bn92Rag==",
			"requires": {
				"fbjs": "^0.8.0",
				"gud": "^1.0.0"
			}
		},
		"detab": {
			"version": "2.0.1",
			"resolved": "https://registry.npmjs.org/detab/-/detab-2.0.1.tgz",
			"integrity": "sha512-/hhdqdQc5thGrqzjyO/pz76lDZ5GSuAs6goxOaKTsvPk7HNnzAyFN5lyHgqpX4/s1i66K8qMGj+VhA9504x7DQ==",
			"requires": {
				"repeat-string": "^1.5.4"
			}
		},
		"dot-case": {
			"version": "2.1.1",
			"resolved": "https://registry.npmjs.org/dot-case/-/dot-case-2.1.1.tgz",
			"integrity": "sha1-NNzzf1Co6TwrO8qLt/uRVcfaO+4=",
			"requires": {
				"no-case": "^2.2.0"
			}
		},
		"emoji-regex": {
			"version": "6.1.1",
			"resolved": "https://registry.npmjs.org/emoji-regex/-/emoji-regex-6.1.1.tgz",
			"integrity": "sha1-xs0OwbBkLio8Z6ETfvxeeW2k+I4="
		},
		"emojis-list": {
			"version": "2.1.0",
			"resolved": "https://registry.npmjs.org/emojis-list/-/emojis-list-2.1.0.tgz",
			"integrity": "sha1-TapNnbAPmBmIDHn6RXrlsJof04k="
		},
		"encoding": {
			"version": "0.1.12",
			"resolved": "https://registry.npmjs.org/encoding/-/encoding-0.1.12.tgz",
			"integrity": "sha1-U4tm8+5izRq1HsMjgp0flIDHS+s=",
			"requires": {
				"iconv-lite": "~0.4.13"
			}
		},
		"extend": {
			"version": "3.0.2",
			"resolved": "https://registry.npmjs.org/extend/-/extend-3.0.2.tgz",
			"integrity": "sha512-fjquC59cD7CyW6urNXK0FBufkZcoiGG80wTuPujX590cB5Ttln20E2UB4S/WARVqhXffZl2LNgS+gQdPIIim/g=="
		},
		"fbjs": {
			"version": "0.8.17",
			"resolved": "https://registry.npmjs.org/fbjs/-/fbjs-0.8.17.tgz",
			"integrity": "sha1-xNWY6taUkRJlPWWIsBpc3Nn5D90=",
			"requires": {
				"core-js": "^1.0.0",
				"isomorphic-fetch": "^2.1.1",
				"loose-envify": "^1.0.0",
				"object-assign": "^4.1.0",
				"promise": "^7.1.1",
				"setimmediate": "^1.0.5",
				"ua-parser-js": "^0.7.18"
			}
		},
		"github-slugger": {
			"version": "1.2.0",
			"resolved": "https://registry.npmjs.org/github-slugger/-/github-slugger-1.2.0.tgz",
			"integrity": "sha512-wIaa75k1vZhyPm9yWrD08A5Xnx/V+RmzGrpjQuLemGKSb77Qukiaei58Bogrl/LZSADDfPzKJX8jhLs4CRTl7Q==",
			"requires": {
				"emoji-regex": ">=6.0.0 <=6.1.1"
			}
		},
		"gud": {
			"version": "1.0.0",
			"resolved": "https://registry.npmjs.org/gud/-/gud-1.0.0.tgz",
			"integrity": "sha512-zGEOVKFM5sVPPrYs7J5/hYEw2Pof8KCyOwyhG8sAF26mCAeUFAcYPu1mwB7hhpIP29zOIBaDqwuHdLp0jvZXjw=="
		},
		"header-case": {
			"version": "1.0.1",
			"resolved": "https://registry.npmjs.org/header-case/-/header-case-1.0.1.tgz",
			"integrity": "sha1-lTWXMZfBRLCWE81l0xfvGZY70C0=",
			"requires": {
				"no-case": "^2.2.0",
				"upper-case": "^1.1.3"
			}
		},
		"hoist-non-react-statics": {
			"version": "2.5.5",
			"resolved": "https://registry.npmjs.org/hoist-non-react-statics/-/hoist-non-react-statics-2.5.5.tgz",
			"integrity": "sha512-rqcy4pJo55FTTLWt+bU8ukscqHeE/e9KWvsOW2b/a3afxQZhwkQdT1rPPCJ0rYXdj4vNcasY8zHTH+jF/qStxw=="
		},
		"iconv-lite": {
			"version": "0.4.24",
			"resolved": "https://registry.npmjs.org/iconv-lite/-/iconv-lite-0.4.24.tgz",
			"integrity": "sha512-v3MXnZAcvnywkTUEZomIActle7RXXeedOR31wwl7VlyoXO4Qi9arvSenNQWne1TcRwhCL1HwLI21bEqdpj8/rA==",
			"requires": {
				"safer-buffer": ">= 2.1.2 < 3"
			}
		},
		"inherits": {
			"version": "2.0.3",
			"resolved": "https://registry.npmjs.org/inherits/-/inherits-2.0.3.tgz",
			"integrity": "sha1-Yzwsg+PaQqUC9SRmAiSA9CCCYd4="
		},
		"is-alphabetical": {
			"version": "1.0.2",
			"resolved": "https://registry.npmjs.org/is-alphabetical/-/is-alphabetical-1.0.2.tgz",
			"integrity": "sha512-V0xN4BYezDHcBSKb1QHUFMlR4as/XEuCZBzMJUU4n7+Cbt33SmUnSol+pnXFvLxSHNq2CemUXNdaXV6Flg7+xg=="
		},
		"is-alphanumerical": {
			"version": "1.0.2",
			"resolved": "https://registry.npmjs.org/is-alphanumerical/-/is-alphanumerical-1.0.2.tgz",
			"integrity": "sha512-pyfU/0kHdISIgslFfZN9nfY1Gk3MquQgUm1mJTjdkEPpkAKNWuBTSqFwewOpR7N351VkErCiyV71zX7mlQQqsg==",
			"requires": {
				"is-alphabetical": "^1.0.0",
				"is-decimal": "^1.0.0"
			}
		},
		"is-buffer": {
			"version": "1.1.6",
			"resolved": "https://registry.npmjs.org/is-buffer/-/is-buffer-1.1.6.tgz",
			"integrity": "sha512-NcdALwpXkTm5Zvvbk7owOUSvVvBKDgKP5/ewfXEznmQFfs4ZRmanOeKBTjRVjka3QFoN6XJ+9F3USqfHqTaU5w=="
		},
		"is-decimal": {
			"version": "1.0.2",
			"resolved": "https://registry.npmjs.org/is-decimal/-/is-decimal-1.0.2.tgz",
			"integrity": "sha512-TRzl7mOCchnhchN+f3ICUCzYvL9ul7R+TYOsZ8xia++knyZAJfv/uA1FvQXsAnYIl1T3B2X5E/J7Wb1QXiIBXg=="
		},
		"is-hexadecimal": {
			"version": "1.0.2",
			"resolved": "https://registry.npmjs.org/is-hexadecimal/-/is-hexadecimal-1.0.2.tgz",
			"integrity": "sha512-but/G3sapV3MNyqiDBLrOi4x8uCIw0RY3o/Vb5GT0sMFHrVV7731wFSVy41T5FO1og7G0gXLJh0MkgPRouko/A=="
		},
		"is-lower-case": {
			"version": "1.1.3",
			"resolved": "https://registry.npmjs.org/is-lower-case/-/is-lower-case-1.1.3.tgz",
			"integrity": "sha1-fhR75HaNxGbbO/shzGCzHmrWk5M=",
			"requires": {
				"lower-case": "^1.1.0"
			}
		},
		"is-plain-obj": {
			"version": "1.1.0",
			"resolved": "https://registry.npmjs.org/is-plain-obj/-/is-plain-obj-1.1.0.tgz",
			"integrity": "sha1-caUMhCnfync8kqOQpKA7OfzVHT4="
		},
		"is-stream": {
			"version": "1.1.0",
			"resolved": "https://registry.npmjs.org/is-stream/-/is-stream-1.1.0.tgz",
			"integrity": "sha1-EtSj3U5o4Lec6428hBc66A2RykQ="
		},
		"is-upper-case": {
			"version": "1.1.2",
			"resolved": "https://registry.npmjs.org/is-upper-case/-/is-upper-case-1.1.2.tgz",
			"integrity": "sha1-jQsfp+eTOh5YSDYA7H2WYcuvdW8=",
			"requires": {
				"upper-case": "^1.1.0"
			}
		},
		"is-url": {
			"version": "1.2.4",
			"resolved": "https://registry.npmjs.org/is-url/-/is-url-1.2.4.tgz",
			"integrity": "sha512-ITvGim8FhRiYe4IQ5uHSkj7pVaPDrCTkNd3yq3cV7iZAcJdHTUMPMEHcqSOy9xZ9qFenQCvi+2wjH9a1nXqHww=="
		},
		"is-whitespace-character": {
			"version": "1.0.2",
			"resolved": "https://registry.npmjs.org/is-whitespace-character/-/is-whitespace-character-1.0.2.tgz",
			"integrity": "sha512-SzM+T5GKUCtLhlHFKt2SDAX2RFzfS6joT91F2/WSi9LxgFdsnhfPK/UIA+JhRR2xuyLdrCys2PiFDrtn1fU5hQ=="
		},
		"is-word-character": {
			"version": "1.0.2",
			"resolved": "https://registry.npmjs.org/is-word-character/-/is-word-character-1.0.2.tgz",
			"integrity": "sha512-T3FlsX8rCHAH8e7RE7PfOPZVFQlcV3XRF9eOOBQ1uf70OxO7CjjSOjeImMPCADBdYWcStAbVbYvJ1m2D3tb+EA=="
		},
		"isomorphic-fetch": {
			"version": "2.2.1",
			"resolved": "https://registry.npmjs.org/isomorphic-fetch/-/isomorphic-fetch-2.2.1.tgz",
			"integrity": "sha1-YRrhrPFPXoH3KVB0coGf6XM1WKk=",
			"requires": {
				"node-fetch": "^1.0.1",
				"whatwg-fetch": ">=0.10.0"
			}
		},
		"js-tokens": {
			"version": "4.0.0",
			"resolved": "https://registry.npmjs.org/js-tokens/-/js-tokens-4.0.0.tgz",
			"integrity": "sha512-RdJUflcE3cUzKiMqQgsCu06FPu9UdIJO0beYbPhHN4k6apgJtifcoCtT9bcxOpYBtpD2kCM6Sbzg4CausW/PKQ=="
		},
		"json5": {
			"version": "0.5.1",
			"resolved": "http://registry.npmjs.org/json5/-/json5-0.5.1.tgz",
			"integrity": "sha1-Hq3nrMASA0rYTiOWdn6tn6VJWCE="
		},
		"loader-utils": {
			"version": "1.1.0",
			"resolved": "https://registry.npmjs.org/loader-utils/-/loader-utils-1.1.0.tgz",
			"integrity": "sha1-yYrvSIvM7aL/teLeZG1qdUQp9c0=",
			"requires": {
				"big.js": "^3.1.3",
				"emojis-list": "^2.0.0",
				"json5": "^0.5.0"
			}
		},
		"lodash.toarray": {
			"version": "4.4.0",
			"resolved": "https://registry.npmjs.org/lodash.toarray/-/lodash.toarray-4.4.0.tgz",
			"integrity": "sha1-JMS/zWsvuji/0FlNsRedjptlZWE="
		},
		"loose-envify": {
			"version": "1.4.0",
			"resolved": "https://registry.npmjs.org/loose-envify/-/loose-envify-1.4.0.tgz",
			"integrity": "sha512-lyuxPGr/Wfhrlem2CL/UcnUc1zcqKAImBDzukY7Y5F/yQiNdko6+fRLevlw1HgMySw7f611UIY408EtxRSoK3Q==",
			"requires": {
				"js-tokens": "^3.0.0 || ^4.0.0"
			}
		},
		"lower-case": {
			"version": "1.1.4",
			"resolved": "https://registry.npmjs.org/lower-case/-/lower-case-1.1.4.tgz",
			"integrity": "sha1-miyr0bno4K6ZOkv31YdcOcQujqw="
		},
		"lower-case-first": {
			"version": "1.0.2",
			"resolved": "https://registry.npmjs.org/lower-case-first/-/lower-case-first-1.0.2.tgz",
			"integrity": "sha1-5dp8JvKacHO+AtUrrJmA5ZIq36E=",
			"requires": {
				"lower-case": "^1.1.2"
			}
		},
		"markdown-escapes": {
			"version": "1.0.2",
			"resolved": "https://registry.npmjs.org/markdown-escapes/-/markdown-escapes-1.0.2.tgz",
			"integrity": "sha512-lbRZ2mE3Q9RtLjxZBZ9+IMl68DKIXaVAhwvwn9pmjnPLS0h/6kyBMgNhqi1xFJ/2yv6cSyv0jbiZavZv93JkkA=="
		},
		"mdast-squeeze-paragraphs": {
			"version": "3.0.3",
			"resolved": "https://registry.npmjs.org/mdast-squeeze-paragraphs/-/mdast-squeeze-paragraphs-3.0.3.tgz",
			"integrity": "sha512-NtUkasADphYiAT2eVmpf8lrvZlU3hbluZZhVrXMqvJqNZNZnJGlOG39JnlyBngo2dlJqNUBZa75gRT90+EY0kQ==",
			"requires": {
				"unist-util-remove": "^1.0.0"
			}
		},
		"mdast-util-definitions": {
			"version": "1.2.3",
			"resolved": "https://registry.npmjs.org/mdast-util-definitions/-/mdast-util-definitions-1.2.3.tgz",
			"integrity": "sha512-P6wpRO8YVQ1iv30maMc93NLh7COvufglBE8/ldcOyYmk5EbfF0YeqlLgtqP/FOBU501Kqar1x5wYWwB3Nga74g==",
			"requires": {
				"unist-util-visit": "^1.0.0"
			}
		},
		"mdast-util-to-hast": {
			"version": "3.0.2",
			"resolved": "https://registry.npmjs.org/mdast-util-to-hast/-/mdast-util-to-hast-3.0.2.tgz",
			"integrity": "sha512-YI8Ea3TFWEZrS31+6Q/d8ZYTOSDKM06IPc3l2+OMFX1o3JTG2mrztlmzDsUMwIXLWofEdTVl/WXBgRG6ddlU/A==",
			"requires": {
				"collapse-white-space": "^1.0.0",
				"detab": "^2.0.0",
				"mdast-util-definitions": "^1.2.0",
				"mdurl": "^1.0.1",
				"trim": "0.0.1",
				"trim-lines": "^1.0.0",
				"unist-builder": "^1.0.1",
				"unist-util-generated": "^1.1.0",
				"unist-util-position": "^3.0.0",
				"unist-util-visit": "^1.1.0",
				"xtend": "^4.0.1"
			}
		},
		"mdast-util-to-string": {
			"version": "1.0.5",
			"resolved": "https://registry.npmjs.org/mdast-util-to-string/-/mdast-util-to-string-1.0.5.tgz",
			"integrity": "sha512-2qLt/DEOo5F6nc2VFScQiHPzQ0XXcabquRJxKMhKte8nt42o08HUxNDPk7tt0YPxnWjAT11I1SYi0X0iPnfI5A=="
		},
		"mdurl": {
			"version": "1.0.1",
			"resolved": "https://registry.npmjs.org/mdurl/-/mdurl-1.0.1.tgz",
			"integrity": "sha1-/oWy7HWlkDfyrf7BAP1sYBdhFS4="
		},
		"no-case": {
			"version": "2.3.2",
			"resolved": "https://registry.npmjs.org/no-case/-/no-case-2.3.2.tgz",
			"integrity": "sha512-rmTZ9kz+f3rCvK2TD1Ue/oZlns7OGoIWP4fc3llxxRXlOkHKoWPPWJOfFYpITabSow43QJbRIoHQXtt10VldyQ==",
			"requires": {
				"lower-case": "^1.1.1"
			}
		},
		"node-emoji": {
			"version": "1.8.1",
			"resolved": "https://registry.npmjs.org/node-emoji/-/node-emoji-1.8.1.tgz",
			"integrity": "sha512-+ktMAh1Jwas+TnGodfCfjUbJKoANqPaJFN0z0iqh41eqD8dvguNzcitVSBSVK1pidz0AqGbLKcoVuVLRVZ/aVg==",
			"requires": {
				"lodash.toarray": "^4.4.0"
			}
		},
		"node-fetch": {
			"version": "1.7.3",
			"resolved": "https://registry.npmjs.org/node-fetch/-/node-fetch-1.7.3.tgz",
			"integrity": "sha512-NhZ4CsKx7cYm2vSrBAr2PvFOe6sWDf0UYLRqA6svUYg7+/TSfVAu49jYC4BvQ4Sms9SZgdqGBgroqfDhJdTyKQ==",
			"requires": {
				"encoding": "^0.1.11",
				"is-stream": "^1.0.1"
			}
		},
		"object-assign": {
			"version": "4.1.1",
			"resolved": "https://registry.npmjs.org/object-assign/-/object-assign-4.1.1.tgz",
			"integrity": "sha1-IQmtx5ZYh8/AXLvUQsrIv7s2CGM="
		},
		"param-case": {
			"version": "2.1.1",
			"resolved": "https://registry.npmjs.org/param-case/-/param-case-2.1.1.tgz",
			"integrity": "sha1-35T9jPZTHs915r75oIWPvHK+Ikc=",
			"requires": {
				"no-case": "^2.2.0"
			}
		},
		"parse-entities": {
			"version": "1.2.0",
			"resolved": "https://registry.npmjs.org/parse-entities/-/parse-entities-1.2.0.tgz",
			"integrity": "sha512-XXtDdOPLSB0sHecbEapQi6/58U/ODj/KWfIXmmMCJF/eRn8laX6LZbOyioMoETOOJoWRW8/qTSl5VQkUIfKM5g==",
			"requires": {
				"character-entities": "^1.0.0",
				"character-entities-legacy": "^1.0.0",
				"character-reference-invalid": "^1.0.0",
				"is-alphanumerical": "^1.0.0",
				"is-decimal": "^1.0.0",
				"is-hexadecimal": "^1.0.0"
			}
		},
		"pascal-case": {
			"version": "2.0.1",
			"resolved": "https://registry.npmjs.org/pascal-case/-/pascal-case-2.0.1.tgz",
			"integrity": "sha1-LVeNNFX2YNpl7KGO+VtODekSdh4=",
			"requires": {
				"camel-case": "^3.0.0",
				"upper-case-first": "^1.1.0"
			}
		},
		"path-case": {
			"version": "2.1.1",
			"resolved": "https://registry.npmjs.org/path-case/-/path-case-2.1.1.tgz",
			"integrity": "sha1-lLgDfDctP+KQbkZbtF4l0ibo7qU=",
			"requires": {
				"no-case": "^2.2.0"
			}
		},
		"promise": {
			"version": "7.3.1",
			"resolved": "https://registry.npmjs.org/promise/-/promise-7.3.1.tgz",
			"integrity": "sha512-nolQXZ/4L+bP/UGlkfaIujX9BKxGwmQ9OT4mOt5yvy8iK1h3wqTEJCijzGANTCCl9nWjY41juyAn2K3Q1hLLTg==",
			"requires": {
				"asap": "~2.0.3"
			}
		},
		"prop-types": {
			"version": "15.6.2",
			"resolved": "https://registry.npmjs.org/prop-types/-/prop-types-15.6.2.tgz",
			"integrity": "sha512-3pboPvLiWD7dkI3qf3KbUe6hKFKa52w+AE0VCqECtf+QHAKgOL37tTaNCnuX1nAAQ4ZhyP+kYVKf8rLmJ/feDQ==",
			"requires": {
				"loose-envify": "^1.3.1",
				"object-assign": "^4.1.1"
			}
		},
		"remark-autolink-headings": {
			"version": "5.0.0",
			"resolved": "https://registry.npmjs.org/remark-autolink-headings/-/remark-autolink-headings-5.0.0.tgz",
			"integrity": "sha1-nAD+2NCrM/upzOg9/2am/djvsx8=",
			"requires": {
				"unist-util-visit": "^1.0.1"
			}
		},
		"remark-emoji": {
			"version": "2.0.1",
			"resolved": "https://registry.npmjs.org/remark-emoji/-/remark-emoji-2.0.1.tgz",
			"integrity": "sha512-bcJbn5KObMXDs3U00SZZTOiqygDgP3ls6S5zw4ONFWcwQcOqJNpO0YnCaqted9DJLtgJjBZcuqK4eKuyPDJTQw==",
			"requires": {
				"node-emoji": "^1.4.1",
				"unist-util-visit": "^1.1.0"
			}
		},
		"remark-images": {
			"version": "0.8.1",
			"resolved": "https://registry.npmjs.org/remark-images/-/remark-images-0.8.1.tgz",
			"integrity": "sha512-1NpiFnIQ7WQIeL+1ofFdrP7NYW+jOShXbjqwertfZMDzFrTrWqY6PmMSWl3imGqPF2AWyMOPkxObe6botEb5Cg==",
			"requires": {
				"is-url": "^1.2.2",
				"unist-util-visit": "^1.3.0"
			}
		},
		"remark-parse": {
			"version": "5.0.0",
			"resolved": "https://registry.npmjs.org/remark-parse/-/remark-parse-5.0.0.tgz",
			"integrity": "sha512-b3iXszZLH1TLoyUzrATcTQUZrwNl1rE70rVdSruJFlDaJ9z5aMkhrG43Pp68OgfHndL/ADz6V69Zow8cTQu+JA==",
			"requires": {
				"collapse-white-space": "^1.0.2",
				"is-alphabetical": "^1.0.0",
				"is-decimal": "^1.0.0",
				"is-whitespace-character": "^1.0.0",
				"is-word-character": "^1.0.0",
				"markdown-escapes": "^1.0.0",
				"parse-entities": "^1.1.0",
				"repeat-string": "^1.5.4",
				"state-toggle": "^1.0.0",
				"trim": "0.0.1",
				"trim-trailing-lines": "^1.0.0",
				"unherit": "^1.0.4",
				"unist-util-remove-position": "^1.0.0",
				"vfile-location": "^2.0.0",
				"xtend": "^4.0.1"
			}
		},
		"remark-slug": {
			"version": "5.1.0",
			"resolved": "https://registry.npmjs.org/remark-slug/-/remark-slug-5.1.0.tgz",
			"integrity": "sha512-FW/V7b3ekfDL1eyPDyzfq0qz5HFPKPNWVC2eqFDie45r774FLGoymOS1oU7LVQfdFNEvNLZ6oBJT/oIxAyBISg==",
			"requires": {
				"github-slugger": "^1.0.0",
				"mdast-util-to-string": "^1.0.0",
				"unist-util-visit": "^1.0.0"
			}
		},
		"remark-squeeze-paragraphs": {
			"version": "3.0.2",
			"resolved": "https://registry.npmjs.org/remark-squeeze-paragraphs/-/remark-squeeze-paragraphs-3.0.2.tgz",
			"integrity": "sha512-XFks+7F6FKmGkJcGyAvJ1GmqtPID9piDtJhrgglIGqg1VRTjpfft6UtGVGCuYnliZt8J72KPG8bwiJkwY6NDOw==",
			"requires": {
				"mdast-squeeze-paragraphs": "^3.0.0"
			}
		},
		"remark-unwrap-images": {
			"version": "0.0.2-0",
			"resolved": "https://registry.npmjs.org/remark-unwrap-images/-/remark-unwrap-images-0.0.2-0.tgz",
			"integrity": "sha512-6MSgeb6mFM5Hrc/ZvHz9SDAYF8cl6sU45PTgWye/XDgr+AIUT5CTprJrbJH3LNnZSvmU7j3wOVAJlerWv/sNag==",
			"requires": {
				"unist-util-visit": "^1.3.0"
			}
		},
		"repeat-string": {
			"version": "1.6.1",
			"resolved": "https://registry.npmjs.org/repeat-string/-/repeat-string-1.6.1.tgz",
			"integrity": "sha1-jcrkcOHIirwtYA//Sndihtp15jc="
		},
		"replace-ext": {
			"version": "1.0.0",
			"resolved": "https://registry.npmjs.org/replace-ext/-/replace-ext-1.0.0.tgz",
			"integrity": "sha1-3mMSg3P8v3w8z6TeWkgMRaZ5WOs="
		},
		"safer-buffer": {
			"version": "2.1.2",
			"resolved": "https://registry.npmjs.org/safer-buffer/-/safer-buffer-2.1.2.tgz",
			"integrity": "sha512-YZo3K82SD7Riyi0E1EQPojLz7kpepnSQI9IyPbHHg1XXXevb5dJI7tpyN2ADxGcQbHG7vcyRHk0cbwqcQriUtg=="
		},
		"sentence-case": {
			"version": "2.1.1",
			"resolved": "https://registry.npmjs.org/sentence-case/-/sentence-case-2.1.1.tgz",
			"integrity": "sha1-H24t2jnBaL+S0T+G1KkYkz9mftQ=",
			"requires": {
				"no-case": "^2.2.0",
				"upper-case-first": "^1.1.2"
			}
		},
		"setimmediate": {
			"version": "1.0.5",
			"resolved": "https://registry.npmjs.org/setimmediate/-/setimmediate-1.0.5.tgz",
			"integrity": "sha1-KQy7Iy4waULX1+qbg3Mqt4VvgoU="
		},
		"snake-case": {
			"version": "2.1.0",
			"resolved": "https://registry.npmjs.org/snake-case/-/snake-case-2.1.0.tgz",
			"integrity": "sha1-Qb2xtz8w7GagTU4srRt2OH1NbZ8=",
			"requires": {
				"no-case": "^2.2.0"
			}
		},
		"state-toggle": {
			"version": "1.0.1",
			"resolved": "https://registry.npmjs.org/state-toggle/-/state-toggle-1.0.1.tgz",
			"integrity": "sha512-Qe8QntFrrpWTnHwvwj2FZTgv+PKIsp0B9VxLzLLbSpPXWOgRgc5LVj/aTiSfK1RqIeF9jeC1UeOH8Q8y60A7og=="
		},
		"swap-case": {
			"version": "1.1.2",
			"resolved": "https://registry.npmjs.org/swap-case/-/swap-case-1.1.2.tgz",
			"integrity": "sha1-w5IDpFhzhfrTyFCgvRvK+ggZdOM=",
			"requires": {
				"lower-case": "^1.1.1",
				"upper-case": "^1.1.1"
			}
		},
		"title-case": {
			"version": "2.1.1",
			"resolved": "https://registry.npmjs.org/title-case/-/title-case-2.1.1.tgz",
			"integrity": "sha1-PhJyFtpY0rxb7PE3q5Ha46fNj6o=",
			"requires": {
				"no-case": "^2.2.0",
				"upper-case": "^1.0.3"
			}
		},
		"to-style": {
			"version": "1.3.3",
			"resolved": "https://registry.npmjs.org/to-style/-/to-style-1.3.3.tgz",
			"integrity": "sha1-Y6K3Cm9KfU/cLtV6C+TnI1y2aZw="
		},
		"trim": {
			"version": "0.0.1",
			"resolved": "https://registry.npmjs.org/trim/-/trim-0.0.1.tgz",
			"integrity": "sha1-WFhUf2spB1fulczMZm+1AITEYN0="
		},
		"trim-lines": {
			"version": "1.1.1",
			"resolved": "https://registry.npmjs.org/trim-lines/-/trim-lines-1.1.1.tgz",
			"integrity": "sha512-X+eloHbgJGxczUk1WSjIvn7aC9oN3jVE3rQfRVKcgpavi3jxtCn0VVKtjOBj64Yop96UYn/ujJRpTbCdAF1vyg=="
		},
		"trim-trailing-lines": {
			"version": "1.1.1",
			"resolved": "https://registry.npmjs.org/trim-trailing-lines/-/trim-trailing-lines-1.1.1.tgz",
			"integrity": "sha512-bWLv9BbWbbd7mlqqs2oQYnLD/U/ZqeJeJwbO0FG2zA1aTq+HTvxfHNKFa/HGCVyJpDiioUYaBhfiT6rgk+l4mg=="
		},
		"trough": {
			"version": "1.0.3",
			"resolved": "https://registry.npmjs.org/trough/-/trough-1.0.3.tgz",
			"integrity": "sha512-fwkLWH+DimvA4YCy+/nvJd61nWQQ2liO/nF/RjkTpiOGi+zxZzVkhb1mvbHIIW4b/8nDsYI8uTmAlc0nNkRMOw=="
		},
		"ua-parser-js": {
			"version": "0.7.18",
			"resolved": "https://registry.npmjs.org/ua-parser-js/-/ua-parser-js-0.7.18.tgz",
			"integrity": "sha512-LtzwHlVHwFGTptfNSgezHp7WUlwiqb0gA9AALRbKaERfxwJoiX0A73QbTToxteIAuIaFshhgIZfqK8s7clqgnA=="
		},
		"unherit": {
			"version": "1.1.1",
			"resolved": "https://registry.npmjs.org/unherit/-/unherit-1.1.1.tgz",
			"integrity": "sha512-+XZuV691Cn4zHsK0vkKYwBEwB74T3IZIcxrgn2E4rKwTfFyI1zCh7X7grwh9Re08fdPlarIdyWgI8aVB3F5A5g==",
			"requires": {
				"inherits": "^2.0.1",
				"xtend": "^4.0.1"
			}
		},
		"unified": {
			"version": "6.2.0",
			"resolved": "https://registry.npmjs.org/unified/-/unified-6.2.0.tgz",
			"integrity": "sha512-1k+KPhlVtqmG99RaTbAv/usu85fcSRu3wY8X+vnsEhIxNP5VbVIDiXnLqyKIG+UMdyTg0ZX9EI6k2AfjJkHPtA==",
			"requires": {
				"bail": "^1.0.0",
				"extend": "^3.0.0",
				"is-plain-obj": "^1.1.0",
				"trough": "^1.0.0",
				"vfile": "^2.0.0",
				"x-is-string": "^0.1.0"
			}
		},
		"unist-builder": {
			"version": "1.0.3",
			"resolved": "https://registry.npmjs.org/unist-builder/-/unist-builder-1.0.3.tgz",
			"integrity": "sha512-/KB8GEaoeHRyIqClL+Kam+Y5NWJ6yEiPsAfv1M+O1p+aKGgjR89WwoEHKTyOj17L6kAlqtKpAgv2nWvdbQDEig==",
			"requires": {
				"object-assign": "^4.1.0"
			}
		},
		"unist-util-generated": {
			"version": "1.1.2",
			"resolved": "https://registry.npmjs.org/unist-util-generated/-/unist-util-generated-1.1.2.tgz",
			"integrity": "sha512-1HcwiEO62dr0XWGT+abVK4f0aAm8Ik8N08c5nAYVmuSxfvpA9rCcNyX/le8xXj1pJK5nBrGlZefeWB6bN8Pstw=="
		},
		"unist-util-is": {
			"version": "2.1.2",
			"resolved": "https://registry.npmjs.org/unist-util-is/-/unist-util-is-2.1.2.tgz",
			"integrity": "sha512-YkXBK/H9raAmG7KXck+UUpnKiNmUdB+aBGrknfQ4EreE1banuzrKABx3jP6Z5Z3fMSPMQQmeXBlKpCbMwBkxVw=="
		},
		"unist-util-position": {
			"version": "3.0.1",
			"resolved": "https://registry.npmjs.org/unist-util-position/-/unist-util-position-3.0.1.tgz",
			"integrity": "sha512-05QfJDPI7PE1BIUtAxeSV+cDx21xP7+tUZgSval5CA7tr0pHBwybF7OnEa1dOFqg6BfYH/qiMUnWwWj+Frhlww=="
		},
		"unist-util-remove": {
			"version": "1.0.1",
			"resolved": "https://registry.npmjs.org/unist-util-remove/-/unist-util-remove-1.0.1.tgz",
			"integrity": "sha512-nL+3O0nBB2Oi8ixVzIfJQLtNOMPIFzwoAIKvhDzEL8B15Nq7EY0KBQPYULjNrEmrwYMCkWp5XGTQiAlYZAL/rw==",
			"requires": {
				"unist-util-is": "^2.0.0"
			}
		},
		"unist-util-remove-position": {
			"version": "1.1.2",
			"resolved": "https://registry.npmjs.org/unist-util-remove-position/-/unist-util-remove-position-1.1.2.tgz",
			"integrity": "sha512-XxoNOBvq1WXRKXxgnSYbtCF76TJrRoe5++pD4cCBsssSiWSnPEktyFrFLE8LTk3JW5mt9hB0Sk5zn4x/JeWY7Q==",
			"requires": {
				"unist-util-visit": "^1.1.0"
			}
		},
		"unist-util-stringify-position": {
			"version": "1.1.2",
			"resolved": "https://registry.npmjs.org/unist-util-stringify-position/-/unist-util-stringify-position-1.1.2.tgz",
			"integrity": "sha512-pNCVrk64LZv1kElr0N1wPiHEUoXNVFERp+mlTg/s9R5Lwg87f9bM/3sQB99w+N9D/qnM9ar3+AKDBwo/gm/iQQ=="
		},
		"unist-util-visit": {
			"version": "1.4.0",
			"resolved": "https://registry.npmjs.org/unist-util-visit/-/unist-util-visit-1.4.0.tgz",
			"integrity": "sha512-FiGu34ziNsZA3ZUteZxSFaczIjGmksfSgdKqBfOejrrfzyUy5b7YrlzT1Bcvi+djkYDituJDy2XB7tGTeBieKw==",
			"requires": {
				"unist-util-visit-parents": "^2.0.0"
			}
		},
		"unist-util-visit-parents": {
			"version": "2.0.1",
			"resolved": "https://registry.npmjs.org/unist-util-visit-parents/-/unist-util-visit-parents-2.0.1.tgz",
			"integrity": "sha512-6B0UTiMfdWql4cQ03gDTCSns+64Zkfo2OCbK31Ov0uMizEz+CJeAp0cgZVb5Fhmcd7Bct2iRNywejT0orpbqUA==",
			"requires": {
				"unist-util-is": "^2.1.2"
			}
		},
		"upper-case": {
			"version": "1.1.3",
			"resolved": "https://registry.npmjs.org/upper-case/-/upper-case-1.1.3.tgz",
			"integrity": "sha1-9rRQHC7EzdJrp4vnIilh3ndiFZg="
		},
		"upper-case-first": {
			"version": "1.1.2",
			"resolved": "https://registry.npmjs.org/upper-case-first/-/upper-case-first-1.1.2.tgz",
			"integrity": "sha1-XXm+3P8UQZUY/S7bCgUHybaFkRU=",
			"requires": {
				"upper-case": "^1.1.1"
			}
		},
		"vfile": {
			"version": "2.3.0",
			"resolved": "https://registry.npmjs.org/vfile/-/vfile-2.3.0.tgz",
			"integrity": "sha512-ASt4mBUHcTpMKD/l5Q+WJXNtshlWxOogYyGYYrg4lt/vuRjC1EFQtlAofL5VmtVNIZJzWYFJjzGWZ0Gw8pzW1w==",
			"requires": {
				"is-buffer": "^1.1.4",
				"replace-ext": "1.0.0",
				"unist-util-stringify-position": "^1.0.0",
				"vfile-message": "^1.0.0"
			}
		},
		"vfile-location": {
			"version": "2.0.3",
			"resolved": "https://registry.npmjs.org/vfile-location/-/vfile-location-2.0.3.tgz",
			"integrity": "sha512-zM5/l4lfw1CBoPx3Jimxoc5RNDAHHpk6AM6LM0pTIkm5SUSsx8ZekZ0PVdf0WEZ7kjlhSt7ZlqbRL6Cd6dBs6A=="
		},
		"vfile-message": {
			"version": "1.0.1",
			"resolved": "https://registry.npmjs.org/vfile-message/-/vfile-message-1.0.1.tgz",
			"integrity": "sha512-vSGCkhNvJzO6VcWC6AlJW4NtYOVtS+RgCaqFIYUjoGIlHnFL+i0LbtYvonDWOMcB97uTPT4PRsyYY7REWC9vug==",
			"requires": {
				"unist-util-stringify-position": "^1.1.1"
			}
		},
		"whatwg-fetch": {
			"version": "3.0.0",
			"resolved": "https://registry.npmjs.org/whatwg-fetch/-/whatwg-fetch-3.0.0.tgz",
			"integrity": "sha512-9GSJUgz1D4MfyKU7KRqwOjXCXTqWdFNvEr7eUBYchQiVc744mqK/MzXPNR2WsPkmkOa4ywfg8C2n8h+13Bey1Q=="
		},
		"x-is-string": {
			"version": "0.1.0",
			"resolved": "https://registry.npmjs.org/x-is-string/-/x-is-string-0.1.0.tgz",
			"integrity": "sha1-R0tQhlrzpJqcRlfwWs0UVFj3fYI="
		},
		"xtend": {
			"version": "4.0.1",
			"resolved": "https://registry.npmjs.org/xtend/-/xtend-4.0.1.tgz",
			"integrity": "sha1-pcbVMr5lbiPbgg77lDofBJmNY68="
		}
	}
}
