{
  "name": "next-mdx-docs",
  "version": "0.0.0",
  "lockfileVersion": 1,
  "requires": true,
  "dependencies": {
    "@mdx-js/loader": {
      "version": "0.15.0",
      "resolved": "https://registry.npmjs.org/@mdx-js/loader/-/loader-0.15.0.tgz",
      "integrity": "sha512-5waqmYa3SffBpIYocQBfyygV/AyLodmchmiYFaeEdsk5L+rQXm7ey+/PWOFqEvIOLcPoNLVmgegjREf2tayuwQ==",
      "requires": {
        "@mdx-js/tag": "^0.15.0"
      }
    },
    "@mdx-js/tag": {
      "version": "0.15.0",
      "resolved": "https://registry.npmjs.org/@mdx-js/tag/-/tag-0.15.0.tgz",
      "integrity": "sha512-W5HVjced5SMJDoV56aVkZjIfTRM/R1RBpdcDdHMdoza0rSU6lorj7xM5VJtD1AMYRRFuDUu2idkuAJaNosO4Gw==",
      "requires": {
        "create-react-context": "^0.2.2",
        "hoist-non-react-statics": "^2.5.5",
        "prop-types": "^15.6.1"
      }
    },
    "asap": {
      "version": "2.0.6",
      "resolved": "https://registry.npmjs.org/asap/-/asap-2.0.6.tgz",
      "integrity": "sha1-5QNHYR1+aQlDIIu9r+vLwvuGbUY="
    },
    "core-js": {
      "version": "1.2.7",
      "resolved": "https://registry.npmjs.org/core-js/-/core-js-1.2.7.tgz",
      "integrity": "sha1-ZSKUwUZR2yj6k70tX/KYOk8IxjY="
    },
    "create-react-context": {
      "version": "0.2.2",
      "resolved": "https://registry.npmjs.org/create-react-context/-/create-react-context-0.2.2.tgz",
      "integrity": "sha512-KkpaLARMhsTsgp0d2NA/R94F/eDLbhXERdIq3LvX2biCAXcDvHYoOqHfWCHf1+OLj+HKBotLG3KqaOOf+C1C+A==",
      "requires": {
        "fbjs": "^0.8.0",
        "gud": "^1.0.0"
      }
    },
    "emoji-regex": {
      "version": "6.1.1",
      "resolved": "https://registry.npmjs.org/emoji-regex/-/emoji-regex-6.1.1.tgz",
      "integrity": "sha1-xs0OwbBkLio8Z6ETfvxeeW2k+I4="
    },
    "encoding": {
      "version": "0.1.12",
      "resolved": "https://registry.npmjs.org/encoding/-/encoding-0.1.12.tgz",
      "integrity": "sha1-U4tm8+5izRq1HsMjgp0flIDHS+s=",
      "requires": {
        "iconv-lite": "~0.4.13"
      }
    },
    "fbjs": {
      "version": "0.8.17",
      "resolved": "https://registry.npmjs.org/fbjs/-/fbjs-0.8.17.tgz",
      "integrity": "sha1-xNWY6taUkRJlPWWIsBpc3Nn5D90=",
      "requires": {
        "core-js": "^1.0.0",
        "isomorphic-fetch": "^2.1.1",
        "loose-envify": "^1.0.0",
        "object-assign": "^4.1.0",
        "promise": "^7.1.1",
        "setimmediate": "^1.0.5",
        "ua-parser-js": "^0.7.18"
      }
    },
    "github-slugger": {
      "version": "1.2.0",
      "resolved": "https://registry.npmjs.org/github-slugger/-/github-slugger-1.2.0.tgz",
      "integrity": "sha512-wIaa75k1vZhyPm9yWrD08A5Xnx/V+RmzGrpjQuLemGKSb77Qukiaei58Bogrl/LZSADDfPzKJX8jhLs4CRTl7Q==",
      "requires": {
        "emoji-regex": ">=6.0.0 <=6.1.1"
      }
    },
    "gud": {
      "version": "1.0.0",
      "resolved": "https://registry.npmjs.org/gud/-/gud-1.0.0.tgz",
      "integrity": "sha512-zGEOVKFM5sVPPrYs7J5/hYEw2Pof8KCyOwyhG8sAF26mCAeUFAcYPu1mwB7hhpIP29zOIBaDqwuHdLp0jvZXjw=="
    },
    "hoist-non-react-statics": {
      "version": "2.5.5",
      "resolved": "https://registry.npmjs.org/hoist-non-react-statics/-/hoist-non-react-statics-2.5.5.tgz",
      "integrity": "sha512-rqcy4pJo55FTTLWt+bU8ukscqHeE/e9KWvsOW2b/a3afxQZhwkQdT1rPPCJ0rYXdj4vNcasY8zHTH+jF/qStxw=="
    },
    "iconv-lite": {
      "version": "0.4.23",
      "resolved": "https://registry.npmjs.org/iconv-lite/-/iconv-lite-0.4.23.tgz",
      "integrity": "sha512-neyTUVFtahjf0mB3dZT77u+8O0QB89jFdnBkd5P1JgYPbPaia3gXXOVL2fq8VyU2gMMD7SaN7QukTB/pmXYvDA==",
      "requires": {
        "safer-buffer": ">= 2.1.2 < 3"
      }
    },
    "is-stream": {
      "version": "1.1.0",
      "resolved": "https://registry.npmjs.org/is-stream/-/is-stream-1.1.0.tgz",
      "integrity": "sha1-EtSj3U5o4Lec6428hBc66A2RykQ="
    },
    "is-url": {
      "version": "1.2.4",
      "resolved": "https://registry.npmjs.org/is-url/-/is-url-1.2.4.tgz",
      "integrity": "sha512-ITvGim8FhRiYe4IQ5uHSkj7pVaPDrCTkNd3yq3cV7iZAcJdHTUMPMEHcqSOy9xZ9qFenQCvi+2wjH9a1nXqHww=="
    },
    "isomorphic-fetch": {
      "version": "2.2.1",
      "resolved": "https://registry.npmjs.org/isomorphic-fetch/-/isomorphic-fetch-2.2.1.tgz",
      "integrity": "sha1-YRrhrPFPXoH3KVB0coGf6XM1WKk=",
      "requires": {
        "node-fetch": "^1.0.1",
        "whatwg-fetch": ">=0.10.0"
      }
    },
    "js-tokens": {
      "version": "4.0.0",
      "resolved": "https://registry.npmjs.org/js-tokens/-/js-tokens-4.0.0.tgz",
      "integrity": "sha512-RdJUflcE3cUzKiMqQgsCu06FPu9UdIJO0beYbPhHN4k6apgJtifcoCtT9bcxOpYBtpD2kCM6Sbzg4CausW/PKQ=="
    },
    "lodash.toarray": {
      "version": "4.4.0",
      "resolved": "https://registry.npmjs.org/lodash.toarray/-/lodash.toarray-4.4.0.tgz",
      "integrity": "sha1-JMS/zWsvuji/0FlNsRedjptlZWE="
    },
    "loose-envify": {
      "version": "1.4.0",
      "resolved": "https://registry.npmjs.org/loose-envify/-/loose-envify-1.4.0.tgz",
      "integrity": "sha512-lyuxPGr/Wfhrlem2CL/UcnUc1zcqKAImBDzukY7Y5F/yQiNdko6+fRLevlw1HgMySw7f611UIY408EtxRSoK3Q==",
      "requires": {
        "js-tokens": "^3.0.0 || ^4.0.0"
      }
    },
    "mdast-util-to-string": {
      "version": "1.0.4",
      "resolved": "https://registry.npmjs.org/mdast-util-to-string/-/mdast-util-to-string-1.0.4.tgz",
      "integrity": "sha1-XEVch4yTVfDB5/PotxnPWDaRrPs="
    },
    "node-emoji": {
      "version": "1.8.1",
      "resolved": "https://registry.npmjs.org/node-emoji/-/node-emoji-1.8.1.tgz",
      "integrity": "sha512-+ktMAh1Jwas+TnGodfCfjUbJKoANqPaJFN0z0iqh41eqD8dvguNzcitVSBSVK1pidz0AqGbLKcoVuVLRVZ/aVg==",
      "requires": {
        "lodash.toarray": "^4.4.0"
      }
    },
    "node-fetch": {
      "version": "1.7.3",
      "resolved": "https://registry.npmjs.org/node-fetch/-/node-fetch-1.7.3.tgz",
      "integrity": "sha512-NhZ4CsKx7cYm2vSrBAr2PvFOe6sWDf0UYLRqA6svUYg7+/TSfVAu49jYC4BvQ4Sms9SZgdqGBgroqfDhJdTyKQ==",
      "requires": {
        "encoding": "^0.1.11",
        "is-stream": "^1.0.1"
      }
    },
    "object-assign": {
      "version": "4.1.1",
      "resolved": "https://registry.npmjs.org/object-assign/-/object-assign-4.1.1.tgz",
      "integrity": "sha1-IQmtx5ZYh8/AXLvUQsrIv7s2CGM="
    },
    "promise": {
      "version": "7.3.1",
      "resolved": "https://registry.npmjs.org/promise/-/promise-7.3.1.tgz",
      "integrity": "sha512-nolQXZ/4L+bP/UGlkfaIujX9BKxGwmQ9OT4mOt5yvy8iK1h3wqTEJCijzGANTCCl9nWjY41juyAn2K3Q1hLLTg==",
      "requires": {
        "asap": "~2.0.3"
      }
    },
    "prop-types": {
      "version": "15.6.2",
      "resolved": "https://registry.npmjs.org/prop-types/-/prop-types-15.6.2.tgz",
      "integrity": "sha512-3pboPvLiWD7dkI3qf3KbUe6hKFKa52w+AE0VCqECtf+QHAKgOL37tTaNCnuX1nAAQ4ZhyP+kYVKf8rLmJ/feDQ==",
      "requires": {
        "loose-envify": "^1.3.1",
        "object-assign": "^4.1.1"
      }
    },
    "remark-autolink-headings": {
      "version": "5.0.0",
      "resolved": "https://registry.npmjs.org/remark-autolink-headings/-/remark-autolink-headings-5.0.0.tgz",
      "integrity": "sha1-nAD+2NCrM/upzOg9/2am/djvsx8=",
      "requires": {
        "unist-util-visit": "^1.0.1"
      }
    },
    "remark-emoji": {
      "version": "2.0.1",
      "resolved": "https://registry.npmjs.org/remark-emoji/-/remark-emoji-2.0.1.tgz",
      "integrity": "sha512-bcJbn5KObMXDs3U00SZZTOiqygDgP3ls6S5zw4ONFWcwQcOqJNpO0YnCaqted9DJLtgJjBZcuqK4eKuyPDJTQw==",
      "requires": {
        "node-emoji": "^1.4.1",
        "unist-util-visit": "^1.1.0"
      }
    },
    "remark-images": {
      "version": "0.8.1",
      "resolved": "https://registry.npmjs.org/remark-images/-/remark-images-0.8.1.tgz",
      "integrity": "sha512-1NpiFnIQ7WQIeL+1ofFdrP7NYW+jOShXbjqwertfZMDzFrTrWqY6PmMSWl3imGqPF2AWyMOPkxObe6botEb5Cg==",
      "requires": {
        "is-url": "^1.2.2",
        "unist-util-visit": "^1.3.0"
      }
    },
    "remark-slug": {
      "version": "5.1.0",
      "resolved": "https://registry.npmjs.org/remark-slug/-/remark-slug-5.1.0.tgz",
      "integrity": "sha512-FW/V7b3ekfDL1eyPDyzfq0qz5HFPKPNWVC2eqFDie45r774FLGoymOS1oU7LVQfdFNEvNLZ6oBJT/oIxAyBISg==",
      "requires": {
        "github-slugger": "^1.0.0",
        "mdast-util-to-string": "^1.0.0",
        "unist-util-visit": "^1.0.0"
      }
    },
    "remark-unwrap-images": {
      "version": "0.0.2-0",
      "resolved": "https://registry.npmjs.org/remark-unwrap-images/-/remark-unwrap-images-0.0.2-0.tgz",
      "integrity": "sha512-6MSgeb6mFM5Hrc/ZvHz9SDAYF8cl6sU45PTgWye/XDgr+AIUT5CTprJrbJH3LNnZSvmU7j3wOVAJlerWv/sNag==",
      "requires": {
        "unist-util-visit": "^1.3.0"
      }
    },
    "safer-buffer": {
      "version": "2.1.2",
      "resolved": "https://registry.npmjs.org/safer-buffer/-/safer-buffer-2.1.2.tgz",
      "integrity": "sha512-YZo3K82SD7Riyi0E1EQPojLz7kpepnSQI9IyPbHHg1XXXevb5dJI7tpyN2ADxGcQbHG7vcyRHk0cbwqcQriUtg=="
    },
    "setimmediate": {
      "version": "1.0.5",
      "resolved": "https://registry.npmjs.org/setimmediate/-/setimmediate-1.0.5.tgz",
      "integrity": "sha1-KQy7Iy4waULX1+qbg3Mqt4VvgoU="
    },
    "ua-parser-js": {
      "version": "0.7.18",
      "resolved": "https://registry.npmjs.org/ua-parser-js/-/ua-parser-js-0.7.18.tgz",
      "integrity": "sha512-LtzwHlVHwFGTptfNSgezHp7WUlwiqb0gA9AALRbKaERfxwJoiX0A73QbTToxteIAuIaFshhgIZfqK8s7clqgnA=="
    },
    "unist-util-is": {
      "version": "2.1.2",
      "resolved": "https://registry.npmjs.org/unist-util-is/-/unist-util-is-2.1.2.tgz",
      "integrity": "sha512-YkXBK/H9raAmG7KXck+UUpnKiNmUdB+aBGrknfQ4EreE1banuzrKABx3jP6Z5Z3fMSPMQQmeXBlKpCbMwBkxVw=="
    },
    "unist-util-visit": {
      "version": "1.4.0",
      "resolved": "https://registry.npmjs.org/unist-util-visit/-/unist-util-visit-1.4.0.tgz",
      "integrity": "sha512-FiGu34ziNsZA3ZUteZxSFaczIjGmksfSgdKqBfOejrrfzyUy5b7YrlzT1Bcvi+djkYDituJDy2XB7tGTeBieKw==",
      "requires": {
        "unist-util-visit-parents": "^2.0.0"
      }
    },
    "unist-util-visit-parents": {
      "version": "2.0.1",
      "resolved": "https://registry.npmjs.org/unist-util-visit-parents/-/unist-util-visit-parents-2.0.1.tgz",
      "integrity": "sha512-6B0UTiMfdWql4cQ03gDTCSns+64Zkfo2OCbK31Ov0uMizEz+CJeAp0cgZVb5Fhmcd7Bct2iRNywejT0orpbqUA==",
      "requires": {
        "unist-util-is": "^2.1.2"
      }
    },
    "whatwg-fetch": {
      "version": "2.0.4",
      "resolved": "https://registry.npmjs.org/whatwg-fetch/-/whatwg-fetch-2.0.4.tgz",
      "integrity": "sha512-dcQ1GWpOD/eEQ97k66aiEVpNnapVj90/+R+SXTPYGHpYBBypfKJEQjLrvMZ7YXbKm21gXd4NcuxUTjiv1YtLng=="
    }
  }
}
